summary: flock(1) locks files
webpage: https://github.com/discoteq/flock
version: 0.4.0
bin-url: https://github.com/leleliu008/uppm-package-repository-macos-15.0-arm64/releases/download/2025.03.12/flock-0.4.0-MacOSX-15.0-arm64.release.tar.xz
bin-sha: 90d95b8b7df549f8f0e33afb02b3dbbd517a38e7db0e388b9c798800239efcab
