summary: flock(1) locks files
webpage: https://github.com/discoteq/flock
version: 0.4.0
bin-url: https://github.com/leleliu008/uppm-package-repository-macos-15.0-arm64/releases/download/2026.08.10.1/flock-0.4.0-MacOSX-15.0-arm64.tar.xz
bin-sha: 5e234aeb5fcf0359b0df413071c2b0717cd8b461f1af6e36e633fb4e289b70e4
